Microsoft Visual Studio Solution File, Format Version 12.00
# Visual Studio Version 17
VisualStudioVersion = 17.5.2.0
MinimumVisualStudioVersion = 10.0.40219.1
Project("{FAE04EC0-301F-11D3-BF4B-00C04F79EFBC}") = "GameConsole", "GameConsole\GameConsole.csproj", "{45F950E5-1ADC-04E5-670B-4D36D1F2A465}"
EndProject
Global
	GlobalSection(SolutionConfigurationPlatforms) = preSolution
		Debug|Any CPU = Debug|Any CPU
		Release|Any CPU = Release|Any CPU
	EndGlobalSection
	GlobalSection(ProjectConfigurationPlatforms) = postSolution
		{45F950E5-1ADC-04E5-670B-4D36D1F2A465}.Debug|Any CPU.ActiveCfg = Debug|Any CPU
		{45F950E5-1ADC-04E5-670B-4D36D1F2A465}.Debug|Any CPU.Build.0 = Debug|Any CPU
		{45F950E5-1ADC-04E5-670B-4D36D1F2A465}.Release|Any CPU.ActiveCfg = Release|Any CPU
		{45F950E5-1ADC-04E5-670B-4D36D1F2A465}.Release|Any CPU.Build.0 = Release|Any CPU
	EndGlobalSection
	GlobalSection(SolutionProperties) = preSolution
		HideSolutionNode = FALSE
	EndGlobalSection
	GlobalSection(ExtensibilityGlobals) = postSolution
		SolutionGuid = {791A4DAB-2841-45C5-A407-9744F14F74A3}
	EndGlobalSection
EndGlobal
